// !$*UTF8*$!
{
	archiveVersion = 1;
	classes = {
	};
	objectVersion = 46;
	objects = {

/* Begin PBXBuildFile section */
		C183276F18EF8B3E000DC661 /* Foundation.framework in Frameworks */ = {isa = PBXBuildFile; fileRef = C183276E18EF8B3E000DC661 /* Foundation.framework */; };
		C183277118EF8B3E000DC661 /* CoreGraphics.framework in Frameworks */ = {isa = PBXBuildFile; fileRef = C183277018EF8B3E000DC661 /* CoreGraphics.framework */; };
		C183277318EF8B3E000DC661 /* UIKit.framework in Frameworks */ = {isa = PBXBuildFile; fileRef = C183277218EF8B3E000DC661 /* UIKit.framework */; };
		C183277918EF8B3E000DC661 /* InfoPlist.strings in Resources */ = {isa = PBXBuildFile; fileRef = C183277718EF8B3E000DC661 /* InfoPlist.strings */; };
		C183277B18EF8B3E000DC661 /* main.m in Sources */ = {isa = PBXBuildFile; fileRef = C183277A18EF8B3E000DC661 /* main.m */; };
		C183277F18EF8B3E000DC661 /* AppDelegate.m in Sources */ = {isa = PBXBuildFile; fileRef = C183277E18EF8B3E000DC661 /* AppDelegate.m */; };
		C183278218EF8B3E000DC661 /* Main.storyboard in Resources */ = {isa = PBXBuildFile; fileRef = C183278018EF8B3E000DC661 /* Main.storyboard */; };
		C183278718EF8B3E000DC661 /* Images.xcassets in Resources */ = {isa = PBXBuildFile; fileRef = C183278618EF8B3E000DC661 /* Images.xcassets */; };
		C183278E18EF8B3E000DC661 /* XCTest.framework in Frameworks */ = {isa = PBXBuildFile; fileRef = C183278D18EF8B3E000DC661 /* XCTest.framework */; };
		C183278F18EF8B3E000DC661 /* Foundation.framework in Frameworks */ = {isa = PBXBuildFile; fileRef = C183276E18EF8B3E000DC661 /* Foundation.framework */; };
		C183279018EF8B3E000DC661 /* UIKit.framework in Frameworks */ = {isa = PBXBuildFile; fileRef = C183277218EF8B3E000DC661 /* UIKit.framework */; };
		C183279818EF8B3E000DC661 /* InfoPlist.strings in Resources */ = {isa = PBXBuildFile; fileRef = C183279618EF8B3E000DC661 /* InfoPlist.strings */; };
		C183279A18EF8B3E000DC661 /* AskTests.m in Sources */ = {isa = PBXBuildFile; fileRef = C183279918EF8B3E000DC661 /* AskTests.m */; };
		C18327A418EF9A2D000DC661 /* FacebookSDK.framework in Frameworks */ = {isa = PBXBuildFile; fileRef = C18327A318EF9A2D000DC661 /* FacebookSDK.framework */; };
		C18327A818EF9BD8000DC661 /* AudioToolbox.framework in Frameworks */ = {isa = PBXBuildFile; fileRef = C18327A718EF9BD8000DC661 /* AudioToolbox.framework */; };
		C18327AA18EF9BDE000DC661 /* CFNetwork.framework in Frameworks */ = {isa = PBXBuildFile; fileRef = C18327A918EF9BDE000DC661 /* CFNetwork.framework */; };
		C18327AC18EF9BF0000DC661 /* CoreLocation.framework in Frameworks */ = {isa = PBXBuildFile; fileRef = C18327AB18EF9BF0000DC661 /* CoreLocation.framework */; };
		C18327AE18EF9BFB000DC661 /* libz.dylib in Frameworks */ = {isa = PBXBuildFile; fileRef = C18327AD18EF9BFB000DC661 /* libz.dylib */; };
		C18327B018EF9C03000DC661 /* MobileCoreServices.framework in Frameworks */ = {isa = PBXBuildFile; fileRef = C18327AF18EF9C03000DC661 /* MobileCoreServices.framework */; };
		C18327B218EF9C0B000DC661 /* QuartzCore.framework in Frameworks */ = {isa = PBXBuildFile; fileRef = C18327B118EF9C0B000DC661 /* QuartzCore.framework */; };
		C18327B418EF9C12000DC661 /* Security.framework in Frameworks */ = {isa = PBXBuildFile; fileRef = C18327B318EF9C12000DC661 /* Security.framework */; };
		C18327B618EF9C19000DC661 /* StoreKit.framework in Frameworks */ = {isa = PBXBuildFile; fileRef = C18327B518EF9C18000DC661 /* StoreKit.framework */; };
		C18327B818EF9C23000DC661 /* SystemConfiguration.framework in Frameworks */ = {isa = PBXBuildFile; fileRef = C18327B718EF9C23000DC661 /* SystemConfiguration.framework */; };
		C18327BC18EF9EA8000DC661 /* Parse.framework in Frameworks */ = {isa = PBXBuildFile; fileRef = C18327BB18EF9EA8000DC661 /* Parse.framework */; };
		C18327BE18EF9F22000DC661 /* Social.framework in Frameworks */ = {isa = PBXBuildFile; fileRef = C18327BD18EF9F22000DC661 /* Social.framework */; };
		C18327C018EF9F29000DC661 /* Accounts.framework in Frameworks */ = {isa = PBXBuildFile; fileRef = C18327BF18EF9F29000DC661 /* Accounts.framework */; };
		C18327D018EFE33E000DC661 /* QuestionsTableViewController.m in Sources */ = {isa = PBXBuildFile; fileRef = C18327CF18EFE33E000DC661 /* QuestionsTableViewController.m */; };
		C18327D318EFE355000DC661 /* AnswersTableViewController.m in Sources */ = {isa = PBXBuildFile; fileRef = C18327D218EFE355000DC661 /* AnswersTableViewController.m */; };
		C18327D618EFE364000DC661 /* FriendsTableViewController.m in Sources */ = {isa = PBXBuildFile; fileRef = C18327D518EFE364000DC661 /* FriendsTableViewController.m */; };
		D98F0D2218EF91DD00E458F8 /* ECPercentDrivenInteractiveTransition.m in Sources */ = {isa = PBXBuildFile; fileRef = D98F0D1618EF91DD00E458F8 /* ECPercentDrivenInteractiveTransition.m */; };
		D98F0D2318EF91DD00E458F8 /* ECSlidingAnimationController.m in Sources */ = {isa = PBXBuildFile; fileRef = D98F0D1818EF91DD00E458F8 /* ECSlidingAnimationController.m */; };
		D98F0D2418EF91DD00E458F8 /* ECSlidingInteractiveTransition.m in Sources */ = {isa = PBXBuildFile; fileRef = D98F0D1B18EF91DD00E458F8 /* ECSlidingInteractiveTransition.m */; };
		D98F0D2518EF91DD00E458F8 /* ECSlidingSegue.m in Sources */ = {isa = PBXBuildFile; fileRef = D98F0D1D18EF91DD00E458F8 /* ECSlidingSegue.m */; };
		D98F0D2618EF91DD00E458F8 /* ECSlidingViewController.m in Sources */ = {isa = PBXBuildFile; fileRef = D98F0D1F18EF91DD00E458F8 /* ECSlidingViewController.m */; };
		D98F0D2718EF91DD00E458F8 /* UIViewController+ECSlidingViewController.m in Sources */ = {isa = PBXBuildFile; fileRef = D98F0D2118EF91DD00E458F8 /* UIViewController+ECSlidingViewController.m */; };
		D98F0D3918EFB7A100E458F8 /* MenuViewController.m in Sources */ = {isa = PBXBuildFile; fileRef = D98F0D3818EFB7A100E458F8 /* MenuViewController.m */; };
		D98F0D3C18EFB85F00E458F8 /* HomeViewController.m in Sources */ = {isa = PBXBuildFile; fileRef = D98F0D3B18EFB85F00E458F8 /* HomeViewController.m */; };
		D98F0D4118EFBA1000E458F8 /* CameraViewController.m in Sources */ = {isa = PBXBuildFile; fileRef = D98F0D4018EFBA1000E458F8 /* CameraViewController.m */; };
		D98F0D4518EFBAD900E458F8 /* LoadingService.m in Sources */ = {isa = PBXBuildFile; fileRef = D98F0D4418EFBAD900E458F8 /* LoadingService.m */; };
		D98F0D4C18EFCD3400E458F8 /* FacebookFriend.m in Sources */ = {isa = PBXBuildFile; fileRef = D98F0D4B18EFCD3300E458F8 /* FacebookFriend.m */; };
		D98F0D4F18EFD0B600E458F8 /* Globals.m in Sources */ = {isa = PBXBuildFile; fileRef = D98F0D4E18EFD0B600E458F8 /* Globals.m */; };
		F112831218EFFB3C002FBD69 /* Freebee_login_button1.png in Resources */ = {isa = PBXBuildFile; fileRef = F112831018EFFB3C002FBD69 /* Freebee_login_button1.png */; };
		F112831318EFFB3C002FBD69 /* Freebee_login_button2.png in Resources */ = {isa = PBXBuildFile; fileRef = F112831118EFFB3C002FBD69 /* Freebee_login_button2.png */; };
/* End PBXBuildFile section */

/* Begin PBXContainerItemProxy section */
		C183279118EF8B3E000DC661 /* PBXContainerItemProxy */ = {
			isa = PBXContainerItemProxy;
			containerPortal = C183276318EF8B3E000DC661 /* Project object */;
			proxyType = 1;
			remoteGlobalIDString = C183276A18EF8B3E000DC661;
			remoteInfo = Ask;
		};
/* End PBXContainerItemProxy section */

/* Begin PBXFileReference section */
		C183276B18EF8B3E000DC661 /* Ask.app */ = {isa = PBXFileReference; explicitFileType = wrapper.application; includeInIndex = 0; path = Ask.app; sourceTree = BUILT_PRODUCTS_DIR; };
		C183276E18EF8B3E000DC661 /* Foundation.framework */ = {isa = PBXFileReference; lastKnownFileType = wrapper.framework; name = Foundation.framework; path = System/Library/Frameworks/Foundation.framework; sourceTree = SDKROOT; };
		C183277018EF8B3E000DC661 /* CoreGraphics.framework */ = {isa = PBXFileReference; lastKnownFileType = wrapper.framework; name = CoreGraphics.framework; path = System/Library/Frameworks/CoreGraphics.framework; sourceTree = SDKROOT; };
		C183277218EF8B3E000DC661 /* UIKit.framework */ = {isa = PBXFileReference; lastKnownFileType = wrapper.framework; name = UIKit.framework; path = System/Library/Frameworks/UIKit.framework; sourceTree = SDKROOT; };
		C183277618EF8B3E000DC661 /* Ask-Info.plist */ = {isa = PBXFileReference; lastKnownFileType = text.plist.xml; path = "Ask-Info.plist"; sourceTree = "<group>"; };
		C183277818EF8B3E000DC661 /* en */ = {isa = PBXFileReference; lastKnownFileType = text.plist.strings; name = en; path = en.lproj/InfoPlist.strings; sourceTree = "<group>"; };
		C183277A18EF8B3E000DC661 /* main.m */ = {isa = PBXFileReference; lastKnownFileType = sourcecode.c.objc; path = main.m; sourceTree = "<group>"; };
		C183277C18EF8B3E000DC661 /* Ask-Prefix.pch */ = {isa = PBXFileReference; lastKnownFileType = sourcecode.c.h; path = "Ask-Prefix.pch"; sourceTree = "<group>"; };
		C183277D18EF8B3E000DC661 /* AppDelegate.h */ = {isa = PBXFileReference; lastKnownFileType = sourcecode.c.h; path = AppDelegate.h; sourceTree = "<group>"; };
		C183277E18EF8B3E000DC661 /* AppDelegate.m */ = {isa = PBXFileReference; lastKnownFileType = sourcecode.c.objc; path = AppDelegate.m; sourceTree = "<group>"; };
		C183278118EF8B3E000DC661 /* Base */ = {isa = PBXFileReference; lastKnownFileType = file.storyboard; name = Base; path = Base.lproj/Main.storyboard; sourceTree = "<group>"; };
		C183278618EF8B3E000DC661 /* Images.xcassets */ = {isa = PBXFileReference; lastKnownFileType = folder.assetcatalog; path = Images.xcassets; sourceTree = "<group>"; };
		C183278C18EF8B3E000DC661 /* AskTests.xctest */ = {isa = PBXFileReference; explicitFileType = wrapper.cfbundle; includeInIndex = 0; path = AskTests.xctest; sourceTree = BUILT_PRODUCTS_DIR; };
		C183278D18EF8B3E000DC661 /* XCTest.framework */ = {isa = PBXFileReference; lastKnownFileType = wrapper.framework; name = XCTest.framework; path = Library/Frameworks/XCTest.framework; sourceTree = DEVELOPER_DIR; };
		C183279518EF8B3E000DC661 /* AskTests-Info.plist */ = {isa = PBXFileReference; lastKnownFileType = text.plist.xml; path = "AskTests-Info.plist"; sourceTree = "<group>"; };
		C183279718EF8B3E000DC661 /* en */ = {isa = PBXFileReference; lastKnownFileType = text.plist.strings; name = en; path = en.lproj/InfoPlist.strings; sourceTree = "<group>"; };
		C183279918EF8B3E000DC661 /* AskTests.m */ = {isa = PBXFileReference; lastKnownFileType = sourcecode.c.objc; path = AskTests.m; sourceTree = "<group>"; };
		C18327A318EF9A2D000DC661 /* FacebookSDK.framework */ = {isa = PBXFileReference; lastKnownFileType = wrapper.framework; path = FacebookSDK.framework; sourceTree = "<group>"; };
		C18327A718EF9BD8000DC661 /* AudioToolbox.framework */ = {isa = PBXFileReference; lastKnownFileType = wrapper.framework; name = AudioToolbox.framework; path = System/Library/Frameworks/AudioToolbox.framework; sourceTree = SDKROOT; };
		C18327A918EF9BDE000DC661 /* CFNetwork.framework */ = {isa = PBXFileReference; lastKnownFileType = wrapper.framework; name = CFNetwork.framework; path = System/Library/Frameworks/CFNetwork.framework; sourceTree = SDKROOT; };
		C18327AB18EF9BF0000DC661 /* CoreLocation.framework */ = {isa = PBXFileReference; lastKnownFileType = wrapper.framework; name = CoreLocation.framework; path = System/Library/Frameworks/CoreLocation.framework; sourceTree = SDKROOT; };
		C18327AD18EF9BFB000DC661 /* libz.dylib */ = {isa = PBXFileReference; lastKnownFileType = "compiled.mach-o.dylib"; name = libz.dylib; path = usr/lib/libz.dylib; sourceTree = SDKROOT; };
		C18327AF18EF9C03000DC661 /* MobileCoreServices.framework */ = {isa = PBXFileReference; lastKnownFileType = wrapper.framework; name = MobileCoreServices.framework; path = System/Library/Frameworks/MobileCoreServices.framework; sourceTree = SDKROOT; };
		C18327B118EF9C0B000DC661 /* QuartzCore.framework */ = {isa = PBXFileReference; lastKnownFileType = wrapper.framework; name = QuartzCore.framework; path = System/Library/Frameworks/QuartzCore.framework; sourceTree = SDKROOT; };
		C18327B318EF9C12000DC661 /* Security.framework */ = {isa = PBXFileReference; lastKnownFileType = wrapper.framework; name = Security.framework; path = System/Library/Frameworks/Security.framework; sourceTree = SDKROOT; };
		C18327B518EF9C18000DC661 /* StoreKit.framework */ = {isa = PBXFileReference; lastKnownFileType = wrapper.framework; name = StoreKit.framework; path = System/Library/Frameworks/StoreKit.framework; sourceTree = SDKROOT; };
		C18327B718EF9C23000DC661 /* SystemConfiguration.framework */ = {isa = PBXFileReference; lastKnownFileType = wrapper.framework; name = SystemConfiguration.framework; path = System/Library/Frameworks/SystemConfiguration.framework; sourceTree = SDKROOT; };
		C18327BB18EF9EA8000DC661 /* Parse.framework */ = {isa = PBXFileReference; lastKnownFileType = wrapper.framework; path = Parse.framework; sourceTree = "<group>"; };
		C18327BD18EF9F22000DC661 /* Social.framework */ = {isa = PBXFileReference; lastKnownFileType = wrapper.framework; name = Social.framework; path = System/Library/Frameworks/Social.framework; sourceTree = SDKROOT; };
		C18327BF18EF9F29000DC661 /* Accounts.framework */ = {isa = PBXFileReference; lastKnownFileType = wrapper.framework; name = Accounts.framework; path = System/Library/Frameworks/Accounts.framework; sourceTree = SDKROOT; };
		C18327CE18EFE33E000DC661 /* QuestionsTableViewController.h */ = {isa = PBXFileReference; fileEncoding = 4; lastKnownFileType = sourcecode.c.h; path = QuestionsTableViewController.h; sourceTree = "<group>"; };
		C18327CF18EFE33E000DC661 /* QuestionsTableViewController.m */ = {isa = PBXFileReference; fileEncoding = 4; lastKnownFileType = sourcecode.c.objc; path = QuestionsTableViewController.m; sourceTree = "<group>"; };
		C18327D118EFE355000DC661 /* AnswersTableViewController.h */ = {isa = PBXFileReference; fileEncoding = 4; lastKnownFileType = sourcecode.c.h; path = AnswersTableViewController.h; sourceTree = "<group>"; };
		C18327D218EFE355000DC661 /* AnswersTableViewController.m */ = {isa = PBXFileReference; fileEncoding = 4; lastKnownFileType = sourcecode.c.objc; path = AnswersTableViewController.m; sourceTree = "<group>"; };
		C18327D418EFE364000DC661 /* FriendsTableViewController.h */ = {isa = PBXFileReference; fileEncoding = 4; lastKnownFileType = sourcecode.c.h; path = FriendsTableViewController.h; sourceTree = "<group>"; };
		C18327D518EFE364000DC661 /* FriendsTableViewController.m */ = {isa = PBXFileReference; fileEncoding = 4; lastKnownFileType = sourcecode.c.objc; path = FriendsTableViewController.m; sourceTree = "<group>"; };
		D98F0D1518EF91DD00E458F8 /* ECPercentDrivenInteractiveTransition.h */ = {isa = PBXFileReference; fileEncoding = 4; lastKnownFileType = sourcecode.c.h; path = ECPercentDrivenInteractiveTransition.h; sourceTree = "<group>"; };
		D98F0D1618EF91DD00E458F8 /* ECPercentDrivenInteractiveTransition.m */ = {isa = PBXFileReference; fileEncoding = 4; lastKnownFileType = sourcecode.c.objc; path = ECPercentDrivenInteractiveTransition.m; sourceTree = "<group>"; };
		D98F0D1718EF91DD00E458F8 /* ECSlidingAnimationController.h */ = {isa = PBXFileReference; fileEncoding = 4; lastKnownFileType = sourcecode.c.h; path = ECSlidingAnimationController.h; sourceTree = "<group>"; };
		D98F0D1818EF91DD00E458F8 /* ECSlidingAnimationController.m */ = {isa = PBXFileReference; fileEncoding = 4; lastKnownFileType = sourcecode.c.objc; path = ECSlidingAnimationController.m; sourceTree = "<group>"; };
		D98F0D1918EF91DD00E458F8 /* ECSlidingConstants.h */ = {isa = PBXFileReference; fileEncoding = 4; lastKnownFileType = sourcecode.c.h; path = ECSlidingConstants.h; sourceTree = "<group>"; };
		D98F0D1A18EF91DD00E458F8 /* ECSlidingInteractiveTransition.h */ = {isa = PBXFileReference; fileEncoding = 4; lastKnownFileType = sourcecode.c.h; path = ECSlidingInteractiveTransition.h; sourceTree = "<group>"; };
		D98F0D1B18EF91DD00E458F8 /* ECSlidingInteractiveTransition.m */ = {isa = PBXFileReference; fileEncoding = 4; lastKnownFileType = sourcecode.c.objc; path = ECSlidingInteractiveTransition.m; sourceTree = "<group>"; };
		D98F0D1C18EF91DD00E458F8 /* ECSlidingSegue.h */ = {isa = PBXFileReference; fileEncoding = 4; lastKnownFileType = sourcecode.c.h; path = ECSlidingSegue.h; sourceTree = "<group>"; };
		D98F0D1D18EF91DD00E458F8 /* ECSlidingSegue.m */ = {isa = PBXFileReference; fileEncoding = 4; lastKnownFileType = sourcecode.c.objc; path = ECSlidingSegue.m; sourceTree = "<group>"; };
		D98F0D1E18EF91DD00E458F8 /* ECSlidingViewController.h */ = {isa = PBXFileReference; fileEncoding = 4; lastKnownFileType = sourcecode.c.h; path = ECSlidingViewController.h; sourceTree = "<group>"; };
		D98F0D1F18EF91DD00E458F8 /* ECSlidingViewController.m */ = {isa = PBXFileReference; fileEncoding = 4; lastKnownFileType = sourcecode.c.objc; path = ECSlidingViewController.m; sourceTree = "<group>"; };
		D98F0D2018EF91DD00E458F8 /* UIViewController+ECSlidingViewController.h */ = {isa = PBXFileReference; fileEncoding = 4; lastKnownFileType = sourcecode.c.h; path = "UIViewController+ECSlidingViewController.h"; sourceTree = "<group>"; };
		D98F0D2118EF91DD00E458F8 /* UIViewController+ECSlidingViewController.m */ = {isa = PBXFileReference; fileEncoding = 4; lastKnownFileType = sourcecode.c.objc; path = "UIViewController+ECSlidingViewController.m"; sourceTree = "<group>"; };
		D98F0D3718EFB7A100E458F8 /* MenuViewController.h */ = {isa = PBXFileReference; fileEncoding = 4; lastKnownFileType = sourcecode.c.h; path = MenuViewController.h; sourceTree = "<group>"; };
		D98F0D3818EFB7A100E458F8 /* MenuViewController.m */ = {isa = PBXFileReference; fileEncoding = 4; lastKnownFileType = sourcecode.c.objc; path = MenuViewController.m; sourceTree = "<group>"; };
		D98F0D3A18EFB85F00E458F8 /* HomeViewController.h */ = {isa = PBXFileReference; fileEncoding = 4; lastKnownFileType = sourcecode.c.h; path = HomeViewController.h; sourceTree = "<group>"; };
		D98F0D3B18EFB85F00E458F8 /* HomeViewController.m */ = {isa = PBXFileReference; fileEncoding = 4; lastKnownFileType = sourcecode.c.objc; path = HomeViewController.m; sourceTree = "<group>"; };
		D98F0D3F18EFBA1000E458F8 /* CameraViewController.h */ = {isa = PBXFileReference; fileEncoding = 4; lastKnownFileType = sourcecode.c.h; path = CameraViewController.h; sourceTree = "<group>"; };
		D98F0D4018EFBA1000E458F8 /* CameraViewController.m */ = {isa = PBXFileReference; fileEncoding = 4; lastKnownFileType = sourcecode.c.objc; path = CameraViewController.m; sourceTree = "<group>"; };
		D98F0D4318EFBAD900E458F8 /* LoadingService.h */ = {isa = PBXFileReference; fileEncoding = 4; lastKnownFileType = sourcecode.c.h; path = LoadingService.h; sourceTree = "<group>"; };
		D98F0D4418EFBAD900E458F8 /* LoadingService.m */ = {isa = PBXFileReference; fileEncoding = 4; lastKnownFileType = sourcecode.c.objc; path = LoadingService.m; sourceTree = "<group>"; };
		D98F0D4A18EFCD3300E458F8 /* FacebookFriend.h */ = {isa = PBXFileReference; fileEncoding = 4; lastKnownFileType = sourcecode.c.h; path = FacebookFriend.h; sourceTree = "<group>"; };
		D98F0D4B18EFCD3300E458F8 /* FacebookFriend.m */ = {isa = PBXFileReference; fileEncoding = 4; lastKnownFileType = sourcecode.c.objc; path = FacebookFriend.m; sourceTree = "<group>"; };
		D98F0D4D18EFD0B600E458F8 /* Globals.h */ = {isa = PBXFileReference; fileEncoding = 4; lastKnownFileType = sourcecode.c.h; path = Globals.h; sourceTree = "<group>"; };
		D98F0D4E18EFD0B600E458F8 /* Globals.m */ = {isa = PBXFileReference; fileEncoding = 4; lastKnownFileType = sourcecode.c.objc; path = Globals.m; sourceTree = "<group>"; };
		F112831018EFFB3C002FBD69 /* Freebee_login_button1.png */ = {isa = PBXFileReference; lastKnownFileType = image.png; name = Freebee_login_button1.png; path = Assets/buttons/Freebee_login_button1.png; sourceTree = "<group>"; };
		F112831118EFFB3C002FBD69 /* Freebee_login_button2.png */ = {isa = PBXFileReference; lastKnownFileType = image.png; name = Freebee_login_button2.png; path = Assets/buttons/Freebee_login_button2.png; sourceTree = "<group>"; };
/* End PBXFileReference section */

/* Begin PBXFrameworksBuildPhase section */
		C183276818EF8B3E000DC661 /* Frameworks */ = {
			isa = PBXFrameworksBuildPhase;
			buildActionMask = 2147483647;
			files = (
				C18327C018EF9F29000DC661 /* Accounts.framework in Frameworks */,
				C18327BE18EF9F22000DC661 /* Social.framework in Frameworks */,
				C18327B818EF9C23000DC661 /* SystemConfiguration.framework in Frameworks */,
				C18327B618EF9C19000DC661 /* StoreKit.framework in Frameworks */,
				C18327B418EF9C12000DC661 /* Security.framework in Frameworks */,
				C18327B218EF9C0B000DC661 /* QuartzCore.framework in Frameworks */,
				C18327B018EF9C03000DC661 /* MobileCoreServices.framework in Frameworks */,
				C18327AE18EF9BFB000DC661 /* libz.dylib in Frameworks */,
				C18327AC18EF9BF0000DC661 /* CoreLocation.framework in Frameworks */,
				C183277118EF8B3E000DC661 /* CoreGraphics.framework in Frameworks */,
				C18327AA18EF9BDE000DC661 /* CFNetwork.framework in Frameworks */,
				C18327A818EF9BD8000DC661 /* AudioToolbox.framework in Frameworks */,
				C18327BC18EF9EA8000DC661 /* Parse.framework in Frameworks */,
				C18327A418EF9A2D000DC661 /* FacebookSDK.framework in Frameworks */,
				C183277318EF8B3E000DC661 /* UIKit.framework in Frameworks */,
				C183276F18EF8B3E000DC661 /* Foundation.framework in Frameworks */,
			);
			runOnlyForDeploymentPostprocessing = 0;
		};
		C183278918EF8B3E000DC661 /* Frameworks */ = {
			isa = PBXFrameworksBuildPhase;
			buildActionMask = 2147483647;
			files = (
				C183278E18EF8B3E000DC661 /* XCTest.framework in Frameworks */,
				C183279018EF8B3E000DC661 /* UIKit.framework in Frameworks */,
				C183278F18EF8B3E000DC661 /* Foundation.framework in Frameworks */,
			);
			runOnlyForDeploymentPostprocessing = 0;
		};
/* End PBXFrameworksBuildPhase section */

/* Begin PBXGroup section */
		C183276218EF8B3E000DC661 = {
			isa = PBXGroup;
			children = (
				C183277418EF8B3E000DC661 /* Ask */,
				C183279318EF8B3E000DC661 /* AskTests */,
				C183276D18EF8B3E000DC661 /* Frameworks */,
				C183276C18EF8B3E000DC661 /* Products */,
			);
			sourceTree = "<group>";
		};
		C183276C18EF8B3E000DC661 /* Products */ = {
			isa = PBXGroup;
			children = (
				C183276B18EF8B3E000DC661 /* Ask.app */,
				C183278C18EF8B3E000DC661 /* AskTests.xctest */,
			);
			name = Products;
			sourceTree = "<group>";
		};
		C183276D18EF8B3E000DC661 /* Frameworks */ = {
			isa = PBXGroup;
			children = (
				C18327BF18EF9F29000DC661 /* Accounts.framework */,
				C18327BD18EF9F22000DC661 /* Social.framework */,
				C18327BB18EF9EA8000DC661 /* Parse.framework */,
				C18327B718EF9C23000DC661 /* SystemConfiguration.framework */,
				C18327B518EF9C18000DC661 /* StoreKit.framework */,
				C18327B318EF9C12000DC661 /* Security.framework */,
				C18327B118EF9C0B000DC661 /* QuartzCore.framework */,
				C18327AF18EF9C03000DC661 /* MobileCoreServices.framework */,
				C18327AD18EF9BFB000DC661 /* libz.dylib */,
				C18327AB18EF9BF0000DC661 /* CoreLocation.framework */,
				C18327A918EF9BDE000DC661 /* CFNetwork.framework */,
				C18327A718EF9BD8000DC661 /* AudioToolbox.framework */,
				C18327A318EF9A2D000DC661 /* FacebookSDK.framework */,
				C183276E18EF8B3E000DC661 /* Foundation.framework */,
				C183277018EF8B3E000DC661 /* CoreGraphics.framework */,
				C183277218EF8B3E000DC661 /* UIKit.framework */,
				C183278D18EF8B3E000DC661 /* XCTest.framework */,
			);
			name = Frameworks;
			sourceTree = "<group>";
		};
		C183277418EF8B3E000DC661 /* Ask */ = {
			isa = PBXGroup;
			children = (
				D98F0D4918EFCD1B00E458F8 /* Model */,
				D98F0D4218EFBAD900E458F8 /* LoadingService */,
				D98F0D3618EFB78E00E458F8 /* Menu Flow */,
				D98F0D3D18EFB86300E458F8 /* Home Flow */,
				C18327CB18EFE237000DC661 /* Questions Flow */,
				C18327CC18EFE282000DC661 /* Answers Flow */,
				C18327CD18EFE29A000DC661 /* Friends Flow */,
				D98F0D1418EF91DD00E458F8 /* ECSlidingViewController */,
				C183277D18EF8B3E000DC661 /* AppDelegate.h */,
				C183277E18EF8B3E000DC661 /* AppDelegate.m */,
				C183278018EF8B3E000DC661 /* Main.storyboard */,
				C183278618EF8B3E000DC661 /* Images.xcassets */,
				C18327C618EFDC75000DC661 /* Assets */,
				C183277518EF8B3E000DC661 /* Supporting Files */,
			);
			path = Ask;
			sourceTree = "<group>";
		};
		C183277518EF8B3E000DC661 /* Supporting Files */ = {
			isa = PBXGroup;
			children = (
				C183277618EF8B3E000DC661 /* Ask-Info.plist */,
				C183277718EF8B3E000DC661 /* InfoPlist.strings */,
				C183277A18EF8B3E000DC661 /* main.m */,
				C183277C18EF8B3E000DC661 /* Ask-Prefix.pch */,
			);
			name = "Supporting Files";
			sourceTree = "<group>";
		};
		C183279318EF8B3E000DC661 /* AskTests */ = {
			isa = PBXGroup;
			children = (
				C183279918EF8B3E000DC661 /* AskTests.m */,
				C183279418EF8B3E000DC661 /* Supporting Files */,
			);
			path = AskTests;
			sourceTree = "<group>";
		};
		C183279418EF8B3E000DC661 /* Supporting Files */ = {
			isa = PBXGroup;
			children = (
				C183279518EF8B3E000DC661 /* AskTests-Info.plist */,
				C183279618EF8B3E000DC661 /* InfoPlist.strings */,
			);
			name = "Supporting Files";
			sourceTree = "<group>";
		};
		C18327C618EFDC75000DC661 /* Assets */ = {
			isa = PBXGroup;
			children = (
				F112831418EFFB3F002FBD69 /* Buttons */,
			);
			name = Assets;
			sourceTree = "<group>";
		};
		C18327CB18EFE237000DC661 /* Questions Flow */ = {
			isa = PBXGroup;
			children = (
				C18327CE18EFE33E000DC661 /* QuestionsTableViewController.h */,
				C18327CF18EFE33E000DC661 /* QuestionsTableViewController.m */,
			);
			name = "Questions Flow";
			sourceTree = "<group>";
		};
		C18327CC18EFE282000DC661 /* Answers Flow */ = {
			isa = PBXGroup;
			children = (
				C18327D118EFE355000DC661 /* AnswersTableViewController.h */,
				C18327D218EFE355000DC661 /* AnswersTableViewController.m */,
			);
			name = "Answers Flow";
			sourceTree = "<group>";
		};
		C18327CD18EFE29A000DC661 /* Friends Flow */ = {
			isa = PBXGroup;
			children = (
				C18327D418EFE364000DC661 /* FriendsTableViewController.h */,
				C18327D518EFE364000DC661 /* FriendsTableViewController.m */,
			);
			name = "Friends Flow";
			sourceTree = "<group>";
		};
		D98F0D1418EF91DD00E458F8 /* ECSlidingViewController */ = {
			isa = PBXGroup;
			children = (
				D98F0D1518EF91DD00E458F8 /* ECPercentDrivenInteractiveTransition.h */,
				D98F0D1618EF91DD00E458F8 /* ECPercentDrivenInteractiveTransition.m */,
				D98F0D1718EF91DD00E458F8 /* ECSlidingAnimationController.h */,
				D98F0D1818EF91DD00E458F8 /* ECSlidingAnimationController.m */,
				D98F0D1918EF91DD00E458F8 /* ECSlidingConstants.h */,
				D98F0D1A18EF91DD00E458F8 /* ECSlidingInteractiveTransition.h */,
				D98F0D1B18EF91DD00E458F8 /* ECSlidingInteractiveTransition.m */,
				D98F0D1C18EF91DD00E458F8 /* ECSlidingSegue.h */,
				D98F0D1D18EF91DD00E458F8 /* ECSlidingSegue.m */,
				D98F0D1E18EF91DD00E458F8 /* ECSlidingViewController.h */,
				D98F0D1F18EF91DD00E458F8 /* ECSlidingViewController.m */,
				D98F0D2018EF91DD00E458F8 /* UIViewController+ECSlidingViewController.h */,
				D98F0D2118EF91DD00E458F8 /* UIViewController+ECSlidingViewController.m */,
			);
			path = ECSlidingViewController;
			sourceTree = "<group>";
		};
		D98F0D3618EFB78E00E458F8 /* Menu Flow */ = {
			isa = PBXGroup;
			children = (
				D98F0D3718EFB7A100E458F8 /* MenuViewController.h */,
				D98F0D3818EFB7A100E458F8 /* MenuViewController.m */,
			);
			name = "Menu Flow";
			sourceTree = "<group>";
		};
		D98F0D3D18EFB86300E458F8 /* Home Flow */ = {
			isa = PBXGroup;
			children = (
				D98F0D3E18EFBA0500E458F8 /* Camera Flow */,
				D98F0D3A18EFB85F00E458F8 /* HomeViewController.h */,
				D98F0D3B18EFB85F00E458F8 /* HomeViewController.m */,
			);
			name = "Home Flow";
			sourceTree = "<group>";
		};
		D98F0D3E18EFBA0500E458F8 /* Camera Flow */ = {
			isa = PBXGroup;
			children = (
				D98F0D3F18EFBA1000E458F8 /* CameraViewController.h */,
				D98F0D4018EFBA1000E458F8 /* CameraViewController.m */,
			);
			name = "Camera Flow";
			sourceTree = "<group>";
		};
		D98F0D4218EFBAD900E458F8 /* LoadingService */ = {
			isa = PBXGroup;
			children = (
				D98F0D4318EFBAD900E458F8 /* LoadingService.h */,
				D98F0D4418EFBAD900E458F8 /* LoadingService.m */,
			);
			path = LoadingService;
			sourceTree = "<group>";
		};
		D98F0D4918EFCD1B00E458F8 /* Model */ = {
			isa = PBXGroup;
			children = (
				D98F0D4A18EFCD3300E458F8 /* FacebookFriend.h */,
				D98F0D4B18EFCD3300E458F8 /* FacebookFriend.m */,
				D98F0D4D18EFD0B600E458F8 /* Globals.h */,
				D98F0D4E18EFD0B600E458F8 /* Globals.m */,
			);
			name = Model;
			sourceTree = "<group>";
		};
		F112831418EFFB3F002FBD69 /* Buttons */ = {
			isa = PBXGroup;
			children = (
				F112831018EFFB3C002FBD69 /* Freebee_login_button1.png */,
				F112831118EFFB3C002FBD69 /* Freebee_login_button2.png */,
			);
			name = Buttons;
			sourceTree = "<group>";
		};
/* End PBXGroup section */

/* Begin PBXNativeTarget section */
		C183276A18EF8B3E000DC661 /* Ask */ = {
			isa = PBXNativeTarget;
			buildConfigurationList = C183279D18EF8B3E000DC661 /* Build configuration list for PBXNativeTarget "Ask" */;
			buildPhases = (
				C183276718EF8B3E000DC661 /* Sources */,
				C183276818EF8B3E000DC661 /* Frameworks */,
				C183276918EF8B3E000DC661 /* Resources */,
			);
			buildRules = (
			);
			dependencies = (
			);
			name = Ask;
			productName = Ask;
			productReference = C183276B18EF8B3E000DC661 /* Ask.app */;
			productType = "com.apple.product-type.application";
		};
		C183278B18EF8B3E000DC661 /* AskTests */ = {
			isa = PBXNativeTarget;
			buildConfigurationList = C18327A018EF8B3E000DC661 /* Build configuration list for PBXNativeTarget "AskTests" */;
			buildPhases = (
				C183278818EF8B3E000DC661 /* Sources */,
				C183278918EF8B3E000DC661 /* Frameworks */,
				C183278A18EF8B3E000DC661 /* Resources */,
			);
			buildRules = (
			);
			dependencies = (
				C183279218EF8B3E000DC661 /* PBXTargetDependency */,
			);
			name = AskTests;
			productName = AskTests;
			productReference = C183278C18EF8B3E000DC661 /* AskTests.xctest */;
			productType = "com.apple.product-type.bundle.unit-test";
		};
/* End PBXNativeTarget section */

/* Begin PBXProject section */
		C183276318EF8B3E000DC661 /* Project object */ = {
			isa = PBXProject;
			attributes = {
				LastUpgradeCheck = 0510;
				ORGANIZATIONNAME = "Derrick J Chie";
				TargetAttributes = {
					C183278B18EF8B3E000DC661 = {
						TestTargetID = C183276A18EF8B3E000DC661;
					};
				};
			};
			buildConfigurationList = C183276618EF8B3E000DC661 /* Build configuration list for PBXProject "Ask" */;
			compatibilityVersion = "Xcode 3.2";
			developmentRegion = English;
			hasScannedForEncodings = 0;
			knownRegions = (
				en,
				Base,
			);
			mainGroup = C183276218EF8B3E000DC661;
			productRefGroup = C183276C18EF8B3E000DC661 /* Products */;
			projectDirPath = "";
			projectRoot = "";
			targets = (
				C183276A18EF8B3E000DC661 /* Ask */,
				C183278B18EF8B3E000DC661 /* AskTests */,
			);
		};
/* End PBXProject section */

/* Begin PBXResourcesBuildPhase section */
		C183276918EF8B3E000DC661 /* Resources */ = {
			isa = PBXResourcesBuildPhase;
			buildActionMask = 2147483647;
			files = (
				C183278718EF8B3E000DC661 /* Images.xcassets in Resources */,
				C183277918EF8B3E000DC661 /* InfoPlist.strings in Resources */,
				F112831318EFFB3C002FBD69 /* Freebee_login_button2.png in Resources */,
				F112831218EFFB3C002FBD69 /* Freebee_login_button1.png in Resources */,
				C183278218EF8B3E000DC661 /* Main.storyboard in Resources */,
			);
			runOnlyForDeploymentPostprocessing = 0;
		};
		C183278A18EF8B3E000DC661 /* Resources */ = {
			isa = PBXResourcesBuildPhase;
			buildActionMask = 2147483647;
			files = (
				C183279818EF8B3E000DC661 /* InfoPlist.strings in Resources */,
			);
			runOnlyForDeploymentPostprocessing = 0;
		};
/* End PBXResourcesBuildPhase section */

/* Begin PBXSourcesBuildPhase section */
		C183276718EF8B3E000DC661 /* Sources */ = {
			isa = PBXSourcesBuildPhase;
			buildActionMask = 2147483647;
			files = (
				D98F0D2318EF91DD00E458F8 /* ECSlidingAnimationController.m in Sources */,
				C18327D618EFE364000DC661 /* FriendsTableViewController.m in Sources */,
				C18327D318EFE355000DC661 /* AnswersTableViewController.m in Sources */,
				D98F0D2718EF91DD00E458F8 /* UIViewController+ECSlidingViewController.m in Sources */,
				D98F0D4F18EFD0B600E458F8 /* Globals.m in Sources */,
				D98F0D4518EFBAD900E458F8 /* LoadingService.m in Sources */,
				D98F0D2618EF91DD00E458F8 /* ECSlidingViewController.m in Sources */,
				C18327D018EFE33E000DC661 /* QuestionsTableViewController.m in Sources */,
				C183277F18EF8B3E000DC661 /* AppDelegate.m in Sources */,
				D98F0D2418EF91DD00E458F8 /* ECSlidingInteractiveTransition.m in Sources */,
				D98F0D4C18EFCD3400E458F8 /* FacebookFriend.m in Sources */,
				D98F0D3C18EFB85F00E458F8 /* HomeViewController.m in Sources */,
				D98F0D2218EF91DD00E458F8 /* ECPercentDrivenInteractiveTransition.m in Sources */,
				D98F0D2518EF91DD00E458F8 /* ECSlidingSegue.m in Sources */,
				D98F0D4118EFBA1000E458F8 /* CameraViewController.m in Sources */,
				C183277B18EF8B3E000DC661 /* main.m in Sources */,
				D98F0D3918EFB7A100E458F8 /* MenuViewController.m in Sources */,
			);
			runOnlyForDeploymentPostprocessing = 0;
		};
		C183278818EF8B3E000DC661 /* Sources */ = {
			isa = PBXSourcesBuildPhase;
			buildActionMask = 2147483647;
			files = (
				C183279A18EF8B3E000DC661 /* AskTests.m in Sources */,
			);
			runOnlyForDeploymentPostprocessing = 0;
		};
/* End PBXSourcesBuildPhase section */

/* Begin PBXTargetDependency section */
		C183279218EF8B3E000DC661 /* PBXTargetDependency */ = {
			isa = PBXTargetDependency;
			target = C183276A18EF8B3E000DC661 /* Ask */;
			targetProxy = C183279118EF8B3E000DC661 /* PBXContainerItemProxy */;
		};
/* End PBXTargetDependency section */

/* Begin PBXVariantGroup section */
		C183277718EF8B3E000DC661 /* InfoPlist.strings */ = {
			isa = PBXVariantGroup;
			children = (
				C183277818EF8B3E000DC661 /* en */,
			);
			name = InfoPlist.strings;
			sourceTree = "<group>";
		};
		C183278018EF8B3E000DC661 /* Main.storyboard */ = {
			isa = PBXVariantGroup;
			children = (
				C183278118EF8B3E000DC661 /* Base */,
			);
			name = Main.storyboard;
			sourceTree = "<group>";
		};
		C183279618EF8B3E000DC661 /* InfoPlist.strings */ = {
			isa = PBXVariantGroup;
			children = (
				C183279718EF8B3E000DC661 /* en */,
			);
			name = InfoPlist.strings;
			sourceTree = "<group>";
		};
/* End PBXVariantGroup section */

/* Begin XCBuildConfiguration section */
		C183279B18EF8B3E000DC661 /* Debug */ = {
			isa = XCBuildConfiguration;
			buildSettings = {
				ALWAYS_SEARCH_USER_PATHS = NO;
				CLANG_CXX_LANGUAGE_STANDARD = "gnu++0x";
				CLANG_CXX_LIBRARY = "libc++";
				CLANG_ENABLE_MODULES = YES;
				CLANG_ENABLE_OBJC_ARC = YES;
				CLANG_WARN_BOOL_CONVERSION = YES;
				CLANG_WARN_CONSTANT_CONVERSION = YES;
				CLANG_WARN_DIRECT_OBJC_ISA_USAGE = YES_ERROR;
				CLANG_WARN_EMPTY_BODY = YES;
				CLANG_WARN_ENUM_CONVERSION = YES;
				CLANG_WARN_INT_CONVERSION = YES;
				CLANG_WARN_OBJC_ROOT_CLASS = YES_ERROR;
				CLANG_WARN__DUPLICATE_METHOD_MATCH = YES;
				"CODE_SIGN_IDENTITY[sdk=iphoneos*]" = "iPhone Developer";
				COPY_PHASE_STRIP = NO;
				GCC_C_LANGUAGE_STANDARD = gnu99;
				GCC_DYNAMIC_NO_PIC = NO;
				GCC_OPTIMIZATION_LEVEL = 0;
				GCC_PREPROCESSOR_DEFINITIONS = (
					"DEBUG=1",
					"$(inherited)",
				);
				GCC_SYMBOLS_PRIVATE_EXTERN = NO;
				GCC_WARN_64_TO_32_BIT_CONVERSION = YES;
				GCC_WARN_ABOUT_RETURN_TYPE = YES_ERROR;
				GCC_WARN_UNDECLARED_SELECTOR = YES;
				GCC_WARN_UNINITIALIZED_AUTOS = YES_AGGRESSIVE;
				GCC_WARN_UNUSED_FUNCTION = YES;
				GCC_WARN_UNUSED_VARIABLE = YES;
				IPHONEOS_DEPLOYMENT_TARGET = 7.1;
				ONLY_ACTIVE_ARCH = YES;
				SDKROOT = iphoneos;
			};
			name = Debug;
		};
		C183279C18EF8B3E000DC661 /* Release */ = {
			isa = XCBuildConfiguration;
			buildSettings = {
				ALWAYS_SEARCH_USER_PATHS = NO;
				CLANG_CXX_LANGUAGE_STANDARD = "gnu++0x";
				CLANG_CXX_LIBRARY = "libc++";
				CLANG_ENABLE_MODULES = YES;
				CLANG_ENABLE_OBJC_ARC = YES;
				CLANG_WARN_BOOL_CONVERSION = YES;
				CLANG_WARN_CONSTANT_CONVERSION = YES;
				CLANG_WARN_DIRECT_OBJC_ISA_USAGE = YES_ERROR;
				CLANG_WARN_EMPTY_BODY = YES;
				CLANG_WARN_ENUM_CONVERSION = YES;
				CLANG_WARN_INT_CONVERSION = YES;
				CLANG_WARN_OBJC_ROOT_CLASS = YES_ERROR;
				CLANG_WARN__DUPLICATE_METHOD_MATCH = YES;
				"CODE_SIGN_IDENTITY[sdk=iphoneos*]" = "iPhone Developer";
				COPY_PHASE_STRIP = YES;
				ENABLE_NS_ASSERTIONS = NO;
				GCC_C_LANGUAGE_STANDARD = gnu99;
				GCC_WARN_64_TO_32_BIT_CONVERSION = YES;
				GCC_WARN_ABOUT_RETURN_TYPE = YES_ERROR;
				GCC_WARN_UNDECLARED_SELECTOR = YES;
				GCC_WARN_UNINITIALIZED_AUTOS = YES_AGGRESSIVE;
				GCC_WARN_UNUSED_FUNCTION = YES;
				GCC_WARN_UNUSED_VARIABLE = YES;
				IPHONEOS_DEPLOYMENT_TARGET = 7.1;
				SDKROOT = iphoneos;
				VALIDATE_PRODUCT = YES;
			};
			name = Release;
		};
		C183279E18EF8B3E000DC661 /* Debug */ = {
			isa = XCBuildConfiguration;
			buildSettings = {
				ASSETCATALOG_COMPILER_APPICON_NAME = AppIcon;
				ASSETCATALOG_COMPILER_LAUNCHIMAGE_NAME = LaunchImage;
				FRAMEWORK_SEARCH_PATHS = (
					"$(inherited)",
					"$(PROJECT_DIR)",
				);
				GCC_PRECOMPILE_PREFIX_HEADER = YES;
				GCC_PREFIX_HEADER = "Ask/Ask-Prefix.pch";
				INFOPLIST_FILE = "Ask/Ask-Info.plist";
				IPHONEOS_DEPLOYMENT_TARGET = 7.0;
				OTHER_LDFLAGS = "-ObjC";
				PRODUCT_NAME = "$(TARGET_NAME)";
				WRAPPER_EXTENSION = app;
			};
			name = Debug;
		};
		C183279F18EF8B3E000DC661 /* Release */ = {
			isa = XCBuildConfiguration;
			buildSettings = {
				ASSETCATALOG_COMPILER_APPICON_NAME = AppIcon;
				ASSETCATALOG_COMPILER_LAUNCHIMAGE_NAME = LaunchImage;
				FRAMEWORK_SEARCH_PATHS = (
					"$(inherited)",
					"$(PROJECT_DIR)",
				);
				GCC_PRECOMPILE_PREFIX_HEADER = YES;
				GCC_PREFIX_HEADER = "Ask/Ask-Prefix.pch";
				INFOPLIST_FILE = "Ask/Ask-Info.plist";
				IPHONEOS_DEPLOYMENT_TARGET = 7.0;
				OTHER_LDFLAGS = "-ObjC";
				PRODUCT_NAME = "$(TARGET_NAME)";
				WRAPPER_EXTENSION = app;
			};
			name = Release;
		};
		C18327A118EF8B3E000DC661 /* Debug */ = {
			isa = XCBuildConfiguration;
			buildSettings = {
				BUNDLE_LOADER = "$(BUILT_PRODUCTS_DIR)/Ask.app/Ask";
				FRAMEWORK_SEARCH_PATHS = (
					"$(SDKROOT)/Developer/Library/Frameworks",
					"$(inherited)",
					"$(DEVELOPER_FRAMEWORKS_DIR)",
				);
				GCC_PRECOMPILE_PREFIX_HEADER = YES;
				GCC_PREFIX_HEADER = "Ask/Ask-Prefix.pch";
				GCC_PREPROCESSOR_DEFINITIONS = (
					"DEBUG=1",
					"$(inherited)",
				);
				INFOPLIST_FILE = "AskTests/AskTests-Info.plist";
				PRODUCT_NAME = "$(TARGET_NAME)";
				TEST_HOST = "$(BUNDLE_LOADER)";
				WRAPPER_EXTENSION = xctest;
			};
			name = Debug;
		};
		C18327A218EF8B3E000DC661 /* Release */ = {
			isa = XCBuildConfiguration;
			buildSettings = {
				BUNDLE_LOADER = "$(BUILT_PRODUCTS_DIR)/Ask.app/Ask";
				FRAMEWORK_SEARCH_PATHS = (
					"$(SDKROOT)/Developer/Library/Frameworks",
					"$(inherited)",
					"$(DEVELOPER_FRAMEWORKS_DIR)",
				);
				GCC_PRECOMPILE_PREFIX_HEADER = YES;
				GCC_PREFIX_HEADER = "Ask/Ask-Prefix.pch";
				INFOPLIST_FILE = "AskTests/AskTests-Info.plist";
				PRODUCT_NAME = "$(TARGET_NAME)";
				TEST_HOST = "$(BUNDLE_LOADER)";
				WRAPPER_EXTENSION = xctest;
			};
			name = Release;
		};
/* End XCBuildConfiguration section */

/* Begin XCConfigurationList section */
		C183276618EF8B3E000DC661 /* Build configuration list for PBXProject "Ask" */ = {
			isa = XCConfigurationList;
			buildConfigurations = (
				C183279B18EF8B3E000DC661 /* Debug */,
				C183279C18EF8B3E000DC661 /* Release */,
			);
			defaultConfigurationIsVisible = 0;
			defaultConfigurationName = Release;
		};
		C183279D18EF8B3E000DC661 /* Build configuration list for PBXNativeTarget "Ask" */ = {
			isa = XCConfigurationList;
			buildConfigurations = (
				C183279E18EF8B3E000DC661 /* Debug */,
				C183279F18EF8B3E000DC661 /* Release */,
			);
			defaultConfigurationIsVisible = 0;
			defaultConfigurationName = Release;
		};
		C18327A018EF8B3E000DC661 /* Build configuration list for PBXNativeTarget "AskTests" */ = {
			isa = XCConfigurationList;
			buildConfigurations = (
				C18327A118EF8B3E000DC661 /* Debug */,
				C18327A218EF8B3E000DC661 /* Release */,
			);
			defaultConfigurationIsVisible = 0;
			defaultConfigurationName = Release;
		};
/* End XCConfigurationList section */
	};
	rootObject = C183276318EF8B3E000DC661 /* Project object */;
}
